{
  "requires": true,
  "lockfileVersion": 1,
  "dependencies": {
    "beerslider": {
      "version": "1.0.3",
      "resolved": "https://registry.npmjs.org/beerslider/-/beerslider-1.0.3.tgz",
      "integrity": "sha512-1XsuTxbspcAR1rxKOJa3qYX3XW9Kf6d+QRUJtDSxsj+yLVSoBRK8ThqpgxhGaxFeBKklrCc0v0UWpifACT7Dbw==",
      "requires": {
        "core-js": "^3.0.0-beta.3"
      }
    },
    "core-js": {
      "version": "3.18.2",
      "resolved": "https://registry.npmjs.org/core-js/-/core-js-3.18.2.tgz",
      "integrity": "sha512-zNhPOUoSgoizoSQFdX1MeZO16ORRb9FFQLts8gSYbZU5FcgXhp24iMWMxnOQo5uIaIG7/6FA/IqJPwev1o9ZXQ=="
    },
    "normalize.css": {
      "version": "8.0.1",
      "resolved": "https://registry.npmjs.org/normalize.css/-/normalize.css-8.0.1.tgz",
      "integrity": "sha512-qizSNPO93t1YUuUhP22btGOo3chcvDFqFaj2TRybP0DMxkHOCTYwp3n34fel4a31ORXy4m1Xq0Gyqpb5m33qIg=="
    }
  }
}
